
Microsoft Visual Studio Solution File, Format Version 12.00
Project("{FAE04EC0-301F-11D3-BF4B-00C04F79EFBC}") = "SGDb.Creators", "SGDb.Creators\SGDb.Creators.csproj", "{7A280003-9F25-4EAA-BC59-CE6EEDF0F7AE}"
EndProject
Project("{FAE04EC0-301F-11D3-BF4B-00C04F79EFBC}") = "SGDb.Identity", "SGDb.Identity\SGDb.Identity.csproj", "{5343D9D0-DBDB-4F36-A5CE-B8800AEB0962}"
EndProject
Project("{FAE04EC0-301F-11D3-BF4B-00C04F79EFBC}") = "SGDb.Common", "SGDb.Common\SGDb.Common.csproj", "{D58052E1-54FE-44EA-B54E-B87581DCE5ED}"
EndProject
Global
	GlobalSection(SolutionConfigurationPlatforms) = preSolution
		Debug|Any CPU = Debug|Any CPU
		Release|Any CPU = Release|Any CPU
	EndGlobalSection
	GlobalSection(ProjectConfigurationPlatforms) = postSolution
		{7A280003-9F25-4EAA-BC59-CE6EEDF0F7AE}.Debug|Any CPU.ActiveCfg = Debug|Any CPU
		{7A280003-9F25-4EAA-BC59-CE6EEDF0F7AE}.Debug|Any CPU.Build.0 = Debug|Any CPU
		{7A280003-9F25-4EAA-BC59-CE6EEDF0F7AE}.Release|Any CPU.ActiveCfg = Release|Any CPU
		{7A280003-9F25-4EAA-BC59-CE6EEDF0F7AE}.Release|Any CPU.Build.0 = Release|Any CPU
		{5343D9D0-DBDB-4F36-A5CE-B8800AEB0962}.Debug|Any CPU.ActiveCfg = Debug|Any CPU
		{5343D9D0-DBDB-4F36-A5CE-B8800AEB0962}.Debug|Any CPU.Build.0 = Debug|Any CPU
		{5343D9D0-DBDB-4F36-A5CE-B8800AEB0962}.Release|Any CPU.ActiveCfg = Release|Any CPU
		{5343D9D0-DBDB-4F36-A5CE-B8800AEB0962}.Release|Any CPU.Build.0 = Release|Any CPU
		{D58052E1-54FE-44EA-B54E-B87581DCE5ED}.Debug|Any CPU.ActiveCfg = Debug|Any CPU
		{D58052E1-54FE-44EA-B54E-B87581DCE5ED}.Debug|Any CPU.Build.0 = Debug|Any CPU
		{D58052E1-54FE-44EA-B54E-B87581DCE5ED}.Release|Any CPU.ActiveCfg = Release|Any CPU
		{D58052E1-54FE-44EA-B54E-B87581DCE5ED}.Release|Any CPU.Build.0 = Release|Any CPU
	EndGlobalSection
EndGlobal
